
Microsoft Visual Studio Solution File, Format Version 12.00
# Visual Studio Version 17
VisualStudioVersion = 17.3.32901.215
MinimumVisualStudioVersion = 10.0.40219.1
Project("{FAE04EC0-301F-11D3-BF4B-00C04F79EFBC}") = "ConsoleApp4", "ConsoleApp4.csproj", "{BB9ED957-AE33-4E81-8A3E-053BE4FDE7AA}"
EndProject
Global
	GlobalSection(SolutionConfigurationPlatforms) = preSolution
		Debug|Any CPU = Debug|Any CPU
		Release|Any CPU = Release|Any CPU
	EndGlobalSection
	GlobalSection(ProjectConfigurationPlatforms) = postSolution
		{BB9ED957-AE33-4E81-8A3E-053BE4FDE7AA}.Debug|Any CPU.ActiveCfg = Debug|Any CPU
		{BB9ED957-AE33-4E81-8A3E-053BE4FDE7AA}.Debug|Any CPU.Build.0 = Debug|Any CPU
		{BB9ED957-AE33-4E81-8A3E-053BE4FDE7AA}.Release|Any CPU.ActiveCfg = Release|Any CPU
		{BB9ED957-AE33-4E81-8A3E-053BE4FDE7AA}.Release|Any CPU.Build.0 = Release|Any CPU
	EndGlobalSection
	GlobalSection(SolutionProperties) = preSolution
		HideSolutionNode = FALSE
	EndGlobalSection
	GlobalSection(ExtensibilityGlobals) = postSolution
		SolutionGuid = {B9A6569E-2066-444C-856A-C2E470686B62}
	EndGlobalSection
EndGlobal
